
Microsoft Visual Studio Solution File, Format Version 12.00
# Visual Studio Version 17
VisualStudioVersion = 17.14.36109.1 d17.14
MinimumVisualStudioVersion = 10.0.40219.1
Project("{FAE04EC0-301F-11D3-BF4B-00C04F79EFBC}") = "Business", "Business\Business.csproj", "{D105868F-1979-4AE5-91A5-D6D60A9F5F89}"
EndProject
Project("{FAE04EC0-301F-11D3-BF4B-00C04F79EFBC}") = "Entities", "Entities\Entities.csproj", "{CADDDF9A-762D-4CFE-AF9D-C8D4A8F2589F}"
EndProject
Project("{FAE04EC0-301F-11D3-BF4B-00C04F79EFBC}") = "DataAccess", "DataAccess\DataAccess.csproj", "{FDB81CE6-6904-4D9F-ABEA-A11606B82B8E}"
EndProject
Project("{FAE04EC0-301F-11D3-BF4B-00C04F79EFBC}") = "Core", "Core\Core.csproj", "{334B578B-39F6-4F93-94D9-1365E32AFF09}"
EndProject
Project("{FAE04EC0-301F-11D3-BF4B-00C04F79EFBC}") = "WebAPI", "WebAPI\WebAPI.csproj", "{26B2CE4A-04E4-4523-90F7-700EE86CAC74}"
EndProject
Global
	GlobalSection(SolutionConfigurationPlatforms) = preSolution
		Debug|Any CPU = Debug|Any CPU
		Release|Any CPU = Release|Any CPU
	EndGlobalSection
	GlobalSection(ProjectConfigurationPlatforms) = postSolution
		{D105868F-1979-4AE5-91A5-D6D60A9F5F89}.Debug|Any CPU.ActiveCfg = Debug|Any CPU
		{D105868F-1979-4AE5-91A5-D6D60A9F5F89}.Debug|Any CPU.Build.0 = Debug|Any CPU
		{D105868F-1979-4AE5-91A5-D6D60A9F5F89}.Release|Any CPU.ActiveCfg = Release|Any CPU
		{D105868F-1979-4AE5-91A5-D6D60A9F5F89}.Release|Any CPU.Build.0 = Release|Any CPU
		{CADDDF9A-762D-4CFE-AF9D-C8D4A8F2589F}.Debug|Any CPU.ActiveCfg = Debug|Any CPU
		{CADDDF9A-762D-4CFE-AF9D-C8D4A8F2589F}.Debug|Any CPU.Build.0 = Debug|Any CPU
		{CADDDF9A-762D-4CFE-AF9D-C8D4A8F2589F}.Release|Any CPU.ActiveCfg = Release|Any CPU
		{CADDDF9A-762D-4CFE-AF9D-C8D4A8F2589F}.Release|Any CPU.Build.0 = Release|Any CPU
		{FDB81CE6-6904-4D9F-ABEA-A11606B82B8E}.Debug|Any CPU.ActiveCfg = Debug|Any CPU
		{FDB81CE6-6904-4D9F-ABEA-A11606B82B8E}.Debug|Any CPU.Build.0 = Debug|Any CPU
		{FDB81CE6-6904-4D9F-ABEA-A11606B82B8E}.Release|Any CPU.ActiveCfg = Release|Any CPU
		{FDB81CE6-6904-4D9F-ABEA-A11606B82B8E}.Release|Any CPU.Build.0 = Release|Any CPU
		{334B578B-39F6-4F93-94D9-1365E32AFF09}.Debug|Any CPU.ActiveCfg = Debug|Any CPU
		{334B578B-39F6-4F93-94D9-1365E32AFF09}.Debug|Any CPU.Build.0 = Debug|Any CPU
		{334B578B-39F6-4F93-94D9-1365E32AFF09}.Release|Any CPU.ActiveCfg = Release|Any CPU
		{334B578B-39F6-4F93-94D9-1365E32AFF09}.Release|Any CPU.Build.0 = Release|Any CPU
		{26B2CE4A-04E4-4523-90F7-700EE86CAC74}.Debug|Any CPU.ActiveCfg = Debug|Any CPU
		{26B2CE4A-04E4-4523-90F7-700EE86CAC74}.Debug|Any CPU.Build.0 = Debug|Any CPU
		{26B2CE4A-04E4-4523-90F7-700EE86CAC74}.Release|Any CPU.ActiveCfg = Release|Any CPU
		{26B2CE4A-04E4-4523-90F7-700EE86CAC74}.Release|Any CPU.Build.0 = Release|Any CPU
	EndGlobalSection
	GlobalSection(SolutionProperties) = preSolution
		HideSolutionNode = FALSE
	EndGlobalSection
	GlobalSection(ExtensibilityGlobals) = postSolution
		SolutionGuid = {E34C0CDA-7BC4-43DF-8FDD-64C3D5316566}
	EndGlobalSection
EndGlobal
